
Microsoft Visual Studio Solution File, Format Version 12.00
# Visual Studio Version 17
VisualStudioVersion = 17.8.34309.116
MinimumVisualStudioVersion = 10.0.40219.1
Project("{9A19103F-16F7-4668-BE54-9A1E7A4F7556}") = "CountriesApp.Api", "src\CountriesApp.Api\CountriesApp.Api.csproj", "{DF8EB224-3A65-4726-8BA3-BBC847C62FBF}"
EndProject
Project("{2150E333-8FDC-42A3-9474-1A3956D46DE8}") = "src", "src", "{041FDDF6-D778-419D-8B39-CC6420BCFD9A}"
EndProject
Project("{9A19103F-16F7-4668-BE54-9A1E7A4F7556}") = "CountriesApp.Application", "src\CountriesApp.Application\CountriesApp.Application.csproj", "{DA1340EB-2956-4407-A3CC-026DDCB4CE1A}"
EndProject
Project("{9A19103F-16F7-4668-BE54-9A1E7A4F7556}") = "CountriesApp.Infrastructure", "src\CountriesApp.Infrastructure\CountriesApp.Infrastructure.csproj", "{FFC5D76B-D491-40C3-B004-74E309B2916E}"
EndProject
Project("{2150E333-8FDC-42A3-9474-1A3956D46DE8}") = "tests", "tests", "{AAB8D509-9187-4B00-8F3D-A5ECC6C9968E}"
EndProject
Project("{9A19103F-16F7-4668-BE54-9A1E7A4F7556}") = "CountriesApp.UnitTests", "tests\CountriesApp.UnitTests\CountriesApp.UnitTests.csproj", "{93183800-B7B5-4C3E-B091-F18BB3094702}"
EndProject
Project("{FAE04EC0-301F-11D3-BF4B-00C04F79EFBC}") = "CountriesApp.Domain", "CountriesApp.Domain\CountriesApp.Domain.csproj", "{E9E7FAB0-BC6C-44A8-888E-6C6D7A542427}"
EndProject
Global
	GlobalSection(SolutionConfigurationPlatforms) = preSolution
		Debug|Any CPU = Debug|Any CPU
		Release|Any CPU = Release|Any CPU
	EndGlobalSection
	GlobalSection(ProjectConfigurationPlatforms) = postSolution
		{DF8EB224-3A65-4726-8BA3-BBC847C62FBF}.Debug|Any CPU.ActiveCfg = Debug|Any CPU
		{DF8EB224-3A65-4726-8BA3-BBC847C62FBF}.Debug|Any CPU.Build.0 = Debug|Any CPU
		{DF8EB224-3A65-4726-8BA3-BBC847C62FBF}.Release|Any CPU.ActiveCfg = Release|Any CPU
		{DF8EB224-3A65-4726-8BA3-BBC847C62FBF}.Release|Any CPU.Build.0 = Release|Any CPU
		{DA1340EB-2956-4407-A3CC-026DDCB4CE1A}.Debug|Any CPU.ActiveCfg = Debug|Any CPU
		{DA1340EB-2956-4407-A3CC-026DDCB4CE1A}.Debug|Any CPU.Build.0 = Debug|Any CPU
		{DA1340EB-2956-4407-A3CC-026DDCB4CE1A}.Release|Any CPU.ActiveCfg = Release|Any CPU
		{DA1340EB-2956-4407-A3CC-026DDCB4CE1A}.Release|Any CPU.Build.0 = Release|Any CPU
		{FFC5D76B-D491-40C3-B004-74E309B2916E}.Debug|Any CPU.ActiveCfg = Debug|Any CPU
		{FFC5D76B-D491-40C3-B004-74E309B2916E}.Debug|Any CPU.Build.0 = Debug|Any CPU
		{FFC5D76B-D491-40C3-B004-74E309B2916E}.Release|Any CPU.ActiveCfg = Release|Any CPU
		{FFC5D76B-D491-40C3-B004-74E309B2916E}.Release|Any CPU.Build.0 = Release|Any CPU
		{93183800-B7B5-4C3E-B091-F18BB3094702}.Debug|Any CPU.ActiveCfg = Debug|Any CPU
		{93183800-B7B5-4C3E-B091-F18BB3094702}.Debug|Any CPU.Build.0 = Debug|Any CPU
		{93183800-B7B5-4C3E-B091-F18BB3094702}.Release|Any CPU.ActiveCfg = Release|Any CPU
		{93183800-B7B5-4C3E-B091-F18BB3094702}.Release|Any CPU.Build.0 = Release|Any CPU
		{E9E7FAB0-BC6C-44A8-888E-6C6D7A542427}.Debug|Any CPU.ActiveCfg = Debug|Any CPU
		{E9E7FAB0-BC6C-44A8-888E-6C6D7A542427}.Debug|Any CPU.Build.0 = Debug|Any CPU
		{E9E7FAB0-BC6C-44A8-888E-6C6D7A542427}.Release|Any CPU.ActiveCfg = Release|Any CPU
		{E9E7FAB0-BC6C-44A8-888E-6C6D7A542427}.Release|Any CPU.Build.0 = Release|Any CPU
	EndGlobalSection
	GlobalSection(SolutionProperties) = preSolution
		HideSolutionNode = FALSE
	EndGlobalSection
	GlobalSection(NestedProjects) = preSolution
		{DF8EB224-3A65-4726-8BA3-BBC847C62FBF} = {041FDDF6-D778-419D-8B39-CC6420BCFD9A}
		{DA1340EB-2956-4407-A3CC-026DDCB4CE1A} = {041FDDF6-D778-419D-8B39-CC6420BCFD9A}
		{FFC5D76B-D491-40C3-B004-74E309B2916E} = {041FDDF6-D778-419D-8B39-CC6420BCFD9A}
		{93183800-B7B5-4C3E-B091-F18BB3094702} = {AAB8D509-9187-4B00-8F3D-A5ECC6C9968E}
		{E9E7FAB0-BC6C-44A8-888E-6C6D7A542427} = {041FDDF6-D778-419D-8B39-CC6420BCFD9A}
	EndGlobalSection
	GlobalSection(ExtensibilityGlobals) = postSolution
		SolutionGuid = {290C7BBD-5D50-42F9-A836-472BF6183DE3}
	EndGlobalSection
EndGlobal
